
Microsoft Visual Studio Solution File, Format Version 12.00
# Visual Studio 15
VisualStudioVersion = 15.0.27703.2042
MinimumVisualStudioVersion = 10.0.40219.1
Project("{FAE04EC0-301F-11D3-BF4B-00C04F79EFBC}") = "Connect", "Connect\Connect.csproj", "{44023C1E-DCCC-4C00-97D9-7B11A77475DD}"
EndProject
Project("{FAE04EC0-301F-11D3-BF4B-00C04F79EFBC}") = "Cmobile.Android", "Cmobile\Cmobile.Android\Cmobile.Android.csproj", "{B9B6B188-E8A3-4769-BE2A-C2C06B22C95F}"
EndProject
Project("{FAE04EC0-301F-11D3-BF4B-00C04F79EFBC}") = "Cmobile.iOS", "Cmobile\Cmobile.iOS\Cmobile.iOS.csproj", "{B0F961C6-F67B-415A-9CEA-30B62CC9923F}"
EndProject
Project("{FAE04EC0-301F-11D3-BF4B-00C04F79EFBC}") = "Cmobile", "Cmobile\Cmobile\Cmobile.csproj", "{AD9B80A6-AC6A-4B07-A8EA-464B76691288}"
EndProject
Global
	GlobalSection(SolutionConfigurationPlatforms) = preSolution
		Ad-Hoc|Any CPU = Ad-Hoc|Any CPU
		Ad-Hoc|iPhone = Ad-Hoc|iPhone
		Ad-Hoc|iPhoneSimulator = Ad-Hoc|iPhoneSimulator
		AppStore|Any CPU = AppStore|Any CPU
		AppStore|iPhone = AppStore|iPhone
		AppStore|iPhoneSimulator = AppStore|iPhoneSimulator
		Debug|Any CPU = Debug|Any CPU
		Debug|iPhone = Debug|iPhone
		Debug|iPhoneSimulator = Debug|iPhoneSimulator
		Release|Any CPU = Release|Any CPU
		Release|iPhone = Release|iPhone
		Release|iPhoneSimulator = Release|iPhoneSimulator
	EndGlobalSection
	GlobalSection(ProjectConfigurationPlatforms) = postSolution
		{44023C1E-DCCC-4C00-97D9-7B11A77475DD}.Ad-Hoc|Any CPU.ActiveCfg = Release|Any CPU
		{44023C1E-DCCC-4C00-97D9-7B11A77475DD}.Ad-Hoc|Any CPU.Build.0 = Release|Any CPU
		{44023C1E-DCCC-4C00-97D9-7B11A77475DD}.Ad-Hoc|iPhone.ActiveCfg = Release|Any CPU
		{44023C1E-DCCC-4C00-97D9-7B11A77475DD}.Ad-Hoc|iPhone.Build.0 = Release|Any CPU
		{44023C1E-DCCC-4C00-97D9-7B11A77475DD}.Ad-Hoc|iPhoneSimulator.ActiveCfg = Release|Any CPU
		{44023C1E-DCCC-4C00-97D9-7B11A77475DD}.Ad-Hoc|iPhoneSimulator.Build.0 = Release|Any CPU
		{44023C1E-DCCC-4C00-97D9-7B11A77475DD}.AppStore|Any CPU.ActiveCfg = Release|Any CPU
		{44023C1E-DCCC-4C00-97D9-7B11A77475DD}.AppStore|Any CPU.Build.0 = Release|Any CPU
		{44023C1E-DCCC-4C00-97D9-7B11A77475DD}.AppStore|iPhone.ActiveCfg = Release|Any CPU
		{44023C1E-DCCC-4C00-97D9-7B11A77475DD}.AppStore|iPhone.Build.0 = Release|Any CPU
		{44023C1E-DCCC-4C00-97D9-7B11A77475DD}.AppStore|iPhoneSimulator.ActiveCfg = Release|Any CPU
		{44023C1E-DCCC-4C00-97D9-7B11A77475DD}.AppStore|iPhoneSimulator.Build.0 = Release|Any CPU
		{44023C1E-DCCC-4C00-97D9-7B11A77475DD}.Debug|Any CPU.ActiveCfg = Debug|Any CPU
		{44023C1E-DCCC-4C00-97D9-7B11A77475DD}.Debug|Any CPU.Build.0 = Debug|Any CPU
		{44023C1E-DCCC-4C00-97D9-7B11A77475DD}.Debug|iPhone.ActiveCfg = Debug|Any CPU
		{44023C1E-DCCC-4C00-97D9-7B11A77475DD}.Debug|iPhone.Build.0 = Debug|Any CPU
		{44023C1E-DCCC-4C00-97D9-7B11A77475DD}.Debug|iPhoneSimulator.ActiveCfg = Debug|Any CPU
		{44023C1E-DCCC-4C00-97D9-7B11A77475DD}.Debug|iPhoneSimulator.Build.0 = Debug|Any CPU
		{44023C1E-DCCC-4C00-97D9-7B11A77475DD}.Release|Any CPU.ActiveCfg = Release|Any CPU
		{44023C1E-DCCC-4C00-97D9-7B11A77475DD}.Release|Any CPU.Build.0 = Release|Any CPU
		{44023C1E-DCCC-4C00-97D9-7B11A77475DD}.Release|iPhone.ActiveCfg = Release|Any CPU
		{44023C1E-DCCC-4C00-97D9-7B11A77475DD}.Release|iPhone.Build.0 = Release|Any CPU
		{44023C1E-DCCC-4C00-97D9-7B11A77475DD}.Release|iPhoneSimulator.ActiveCfg = Release|Any CPU
		{44023C1E-DCCC-4C00-97D9-7B11A77475DD}.Release|iPhoneSimulator.Build.0 = Release|Any CPU
		{B9B6B188-E8A3-4769-BE2A-C2C06B22C95F}.Ad-Hoc|Any CPU.ActiveCfg = Release|Any CPU
		{B9B6B188-E8A3-4769-BE2A-C2C06B22C95F}.Ad-Hoc|Any CPU.Build.0 = Release|Any CPU
		{B9B6B188-E8A3-4769-BE2A-C2C06B22C95F}.Ad-Hoc|Any CPU.Deploy.0 = Release|Any CPU
		{B9B6B188-E8A3-4769-BE2A-C2C06B22C95F}.Ad-Hoc|iPhone.ActiveCfg = Release|Any CPU
		{B9B6B188-E8A3-4769-BE2A-C2C06B22C95F}.Ad-Hoc|iPhone.Build.0 = Release|Any CPU
		{B9B6B188-E8A3-4769-BE2A-C2C06B22C95F}.Ad-Hoc|iPhone.Deploy.0 = Release|Any CPU
		{B9B6B188-E8A3-4769-BE2A-C2C06B22C95F}.Ad-Hoc|iPhoneSimulator.ActiveCfg = Release|Any CPU
		{B9B6B188-E8A3-4769-BE2A-C2C06B22C95F}.Ad-Hoc|iPhoneSimulator.Build.0 = Release|Any CPU
		{B9B6B188-E8A3-4769-BE2A-C2C06B22C95F}.Ad-Hoc|iPhoneSimulator.Deploy.0 = Release|Any CPU
		{B9B6B188-E8A3-4769-BE2A-C2C06B22C95F}.AppStore|Any CPU.ActiveCfg = Release|Any CPU
		{B9B6B188-E8A3-4769-BE2A-C2C06B22C95F}.AppStore|Any CPU.Build.0 = Release|Any CPU
		{B9B6B188-E8A3-4769-BE2A-C2C06B22C95F}.AppStore|Any CPU.Deploy.0 = Release|Any CPU
		{B9B6B188-E8A3-4769-BE2A-C2C06B22C95F}.AppStore|iPhone.ActiveCfg = Release|Any CPU
		{B9B6B188-E8A3-4769-BE2A-C2C06B22C95F}.AppStore|iPhone.Build.0 = Release|Any CPU
		{B9B6B188-E8A3-4769-BE2A-C2C06B22C95F}.AppStore|iPhone.Deploy.0 = Release|Any CPU
		{B9B6B188-E8A3-4769-BE2A-C2C06B22C95F}.AppStore|iPhoneSimulator.ActiveCfg = Release|Any CPU
		{B9B6B188-E8A3-4769-BE2A-C2C06B22C95F}.AppStore|iPhoneSimulator.Build.0 = Release|Any CPU
		{B9B6B188-E8A3-4769-BE2A-C2C06B22C95F}.AppStore|iPhoneSimulator.Deploy.0 = Release|Any CPU
		{B9B6B188-E8A3-4769-BE2A-C2C06B22C95F}.Debug|Any CPU.ActiveCfg = Debug|Any CPU
		{B9B6B188-E8A3-4769-BE2A-C2C06B22C95F}.Debug|Any CPU.Build.0 = Debug|Any CPU
		{B9B6B188-E8A3-4769-BE2A-C2C06B22C95F}.Debug|Any CPU.Deploy.0 = Debug|Any CPU
		{B9B6B188-E8A3-4769-BE2A-C2C06B22C95F}.Debug|iPhone.ActiveCfg = Debug|Any CPU
		{B9B6B188-E8A3-4769-BE2A-C2C06B22C95F}.Debug|iPhone.Build.0 = Debug|Any CPU
		{B9B6B188-E8A3-4769-BE2A-C2C06B22C95F}.Debug|iPhone.Deploy.0 = Debug|Any CPU
		{B9B6B188-E8A3-4769-BE2A-C2C06B22C95F}.Debug|iPhoneSimulator.ActiveCfg = Debug|Any CPU
		{B9B6B188-E8A3-4769-BE2A-C2C06B22C95F}.Debug|iPhoneSimulator.Build.0 = Debug|Any CPU
		{B9B6B188-E8A3-4769-BE2A-C2C06B22C95F}.Debug|iPhoneSimulator.Deploy.0 = Debug|Any CPU
		{B9B6B188-E8A3-4769-BE2A-C2C06B22C95F}.Release|Any CPU.ActiveCfg = Release|Any CPU
		{B9B6B188-E8A3-4769-BE2A-C2C06B22C95F}.Release|Any CPU.Build.0 = Release|Any CPU
		{B9B6B188-E8A3-4769-BE2A-C2C06B22C95F}.Release|Any CPU.Deploy.0 = Release|Any CPU
		{B9B6B188-E8A3-4769-BE2A-C2C06B22C95F}.Release|iPhone.ActiveCfg = Release|Any CPU
		{B9B6B188-E8A3-4769-BE2A-C2C06B22C95F}.Release|iPhone.Build.0 = Release|Any CPU
		{B9B6B188-E8A3-4769-BE2A-C2C06B22C95F}.Release|iPhone.Deploy.0 = Release|Any CPU
		{B9B6B188-E8A3-4769-BE2A-C2C06B22C95F}.Release|iPhoneSimulator.ActiveCfg = Release|Any CPU
		{B9B6B188-E8A3-4769-BE2A-C2C06B22C95F}.Release|iPhoneSimulator.Build.0 = Release|Any CPU
		{B9B6B188-E8A3-4769-BE2A-C2C06B22C95F}.Release|iPhoneSimulator.Deploy.0 = Release|Any CPU
		{B0F961C6-F67B-415A-9CEA-30B62CC9923F}.Ad-Hoc|Any CPU.ActiveCfg = Ad-Hoc|iPhone
		{B0F961C6-F67B-415A-9CEA-30B62CC9923F}.Ad-Hoc|iPhone.ActiveCfg = Ad-Hoc|iPhone
		{B0F961C6-F67B-415A-9CEA-30B62CC9923F}.Ad-Hoc|iPhone.Build.0 = Ad-Hoc|iPhone
		{B0F961C6-F67B-415A-9CEA-30B62CC9923F}.Ad-Hoc|iPhoneSimulator.ActiveCfg = Ad-Hoc|iPhoneSimulator
		{B0F961C6-F67B-415A-9CEA-30B62CC9923F}.Ad-Hoc|iPhoneSimulator.Build.0 = Ad-Hoc|iPhoneSimulator
		{B0F961C6-F67B-415A-9CEA-30B62CC9923F}.AppStore|Any CPU.ActiveCfg = AppStore|iPhone
		{B0F961C6-F67B-415A-9CEA-30B62CC9923F}.AppStore|iPhone.ActiveCfg = AppStore|iPhone
		{B0F961C6-F67B-415A-9CEA-30B62CC9923F}.AppStore|iPhone.Build.0 = AppStore|iPhone
		{B0F961C6-F67B-415A-9CEA-30B62CC9923F}.AppStore|iPhoneSimulator.ActiveCfg = AppStore|iPhoneSimulator
		{B0F961C6-F67B-415A-9CEA-30B62CC9923F}.AppStore|iPhoneSimulator.Build.0 = AppStore|iPhoneSimulator
		{B0F961C6-F67B-415A-9CEA-30B62CC9923F}.Debug|Any CPU.ActiveCfg = Debug|iPhone
		{B0F961C6-F67B-415A-9CEA-30B62CC9923F}.Debug|iPhone.ActiveCfg = Debug|iPhone
		{B0F961C6-F67B-415A-9CEA-30B62CC9923F}.Debug|iPhone.Build.0 = Debug|iPhone
		{B0F961C6-F67B-415A-9CEA-30B62CC9923F}.Debug|iPhoneSimulator.ActiveCfg = Debug|iPhoneSimulator
		{B0F961C6-F67B-415A-9CEA-30B62CC9923F}.Debug|iPhoneSimulator.Build.0 = Debug|iPhoneSimulator
		{B0F961C6-F67B-415A-9CEA-30B62CC9923F}.Release|Any CPU.ActiveCfg = Release|iPhone
		{B0F961C6-F67B-415A-9CEA-30B62CC9923F}.Release|iPhone.ActiveCfg = Release|iPhone
		{B0F961C6-F67B-415A-9CEA-30B62CC9923F}.Release|iPhone.Build.0 = Release|iPhone
		{B0F961C6-F67B-415A-9CEA-30B62CC9923F}.Release|iPhoneSimulator.ActiveCfg = Release|iPhoneSimulator
		{B0F961C6-F67B-415A-9CEA-30B62CC9923F}.Release|iPhoneSimulator.Build.0 = Release|iPhoneSimulator
		{AD9B80A6-AC6A-4B07-A8EA-464B76691288}.Ad-Hoc|Any CPU.ActiveCfg = Debug|Any CPU
		{AD9B80A6-AC6A-4B07-A8EA-464B76691288}.Ad-Hoc|Any CPU.Build.0 = Debug|Any CPU
		{AD9B80A6-AC6A-4B07-A8EA-464B76691288}.Ad-Hoc|iPhone.ActiveCfg = Debug|Any CPU
		{AD9B80A6-AC6A-4B07-A8EA-464B76691288}.Ad-Hoc|iPhone.Build.0 = Debug|Any CPU
		{AD9B80A6-AC6A-4B07-A8EA-464B76691288}.Ad-Hoc|iPhoneSimulator.ActiveCfg = Debug|Any CPU
		{AD9B80A6-AC6A-4B07-A8EA-464B76691288}.Ad-Hoc|iPhoneSimulator.Build.0 = Debug|Any CPU
		{AD9B80A6-AC6A-4B07-A8EA-464B76691288}.AppStore|Any CPU.ActiveCfg = Debug|Any CPU
		{AD9B80A6-AC6A-4B07-A8EA-464B76691288}.AppStore|Any CPU.Build.0 = Debug|Any CPU
		{AD9B80A6-AC6A-4B07-A8EA-464B76691288}.AppStore|iPhone.ActiveCfg = Debug|Any CPU
		{AD9B80A6-AC6A-4B07-A8EA-464B76691288}.AppStore|iPhone.Build.0 = Debug|Any CPU
		{AD9B80A6-AC6A-4B07-A8EA-464B76691288}.AppStore|iPhoneSimulator.ActiveCfg = Debug|Any CPU
		{AD9B80A6-AC6A-4B07-A8EA-464B76691288}.AppStore|iPhoneSimulator.Build.0 = Debug|Any CPU
		{AD9B80A6-AC6A-4B07-A8EA-464B76691288}.Debug|Any CPU.ActiveCfg = Debug|Any CPU
		{AD9B80A6-AC6A-4B07-A8EA-464B76691288}.Debug|Any CPU.Build.0 = Debug|Any CPU
		{AD9B80A6-AC6A-4B07-A8EA-464B76691288}.Debug|iPhone.ActiveCfg = Debug|Any CPU
		{AD9B80A6-AC6A-4B07-A8EA-464B76691288}.Debug|iPhone.Build.0 = Debug|Any CPU
		{AD9B80A6-AC6A-4B07-A8EA-464B76691288}.Debug|iPhoneSimulator.ActiveCfg = Debug|Any CPU
		{AD9B80A6-AC6A-4B07-A8EA-464B76691288}.Debug|iPhoneSimulator.Build.0 = Debug|Any CPU
		{AD9B80A6-AC6A-4B07-A8EA-464B76691288}.Release|Any CPU.ActiveCfg = Release|Any CPU
		{AD9B80A6-AC6A-4B07-A8EA-464B76691288}.Release|Any CPU.Build.0 = Release|Any CPU
		{AD9B80A6-AC6A-4B07-A8EA-464B76691288}.Release|iPhone.ActiveCfg = Release|Any CPU
		{AD9B80A6-AC6A-4B07-A8EA-464B76691288}.Release|iPhone.Build.0 = Release|Any CPU
		{AD9B80A6-AC6A-4B07-A8EA-464B76691288}.Release|iPhoneSimulator.ActiveCfg = Release|Any CPU
		{AD9B80A6-AC6A-4B07-A8EA-464B76691288}.Release|iPhoneSimulator.Build.0 = Release|Any CPU
	EndGlobalSection
	GlobalSection(SolutionProperties) = preSolution
		HideSolutionNode = FALSE
	EndGlobalSection
	GlobalSection(ExtensibilityGlobals) = postSolution
		SolutionGuid = {5D387545-8D42-42F1-876F-AE93D2980510}
	EndGlobalSection
EndGlobal
